
Microsoft Visual Studio Solution File, Format Version 12.00
# Visual Studio Version 17
VisualStudioVersion = 17.11.35327.3
MinimumVisualStudioVersion = 10.0.40219.1
Project("{FAE04EC0-301F-11D3-BF4B-00C04F79EFBC}") = "UnitTest", "UnitTest.csproj", "{50F9EBE6-2DFB-4C46-B330-50B27E27711A}"
EndProject
Global
	GlobalSection(SolutionConfigurationPlatforms) = preSolution
		Debug|Any CPU = Debug|Any CPU
		Release|Any CPU = Release|Any CPU
	EndGlobalSection
	GlobalSection(ProjectConfigurationPlatforms) = postSolution
		{50F9EBE6-2DFB-4C46-B330-50B27E27711A}.Debug|Any CPU.ActiveCfg = Debug|Any CPU
		{50F9EBE6-2DFB-4C46-B330-50B27E27711A}.Debug|Any CPU.Build.0 = Debug|Any CPU
		{50F9EBE6-2DFB-4C46-B330-50B27E27711A}.Release|Any CPU.ActiveCfg = Release|Any CPU
		{50F9EBE6-2DFB-4C46-B330-50B27E27711A}.Release|Any CPU.Build.0 = Release|Any CPU
	EndGlobalSection
	GlobalSection(SolutionProperties) = preSolution
		HideSolutionNode = FALSE
	EndGlobalSection
	GlobalSection(ExtensibilityGlobals) = postSolution
		SolutionGuid = {3660C94A-34B1-4A52-AC1D-CA7454731D5E}
	EndGlobalSection
EndGlobal
