
Microsoft Visual Studio Solution File, Format Version 12.00
# Visual Studio Version 17
VisualStudioVersion = 17.11.35327.3
MinimumVisualStudioVersion = 10.0.40219.1
Project("{FAE04EC0-301F-11D3-BF4B-00C04F79EFBC}") = "Socket", "Socket.csproj", "{B470CA68-6339-4757-858B-21651322B7DF}"
EndProject
Global
	GlobalSection(SolutionConfigurationPlatforms) = preSolution
		Debug|Any CPU = Debug|Any CPU
		Release|Any CPU = Release|Any CPU
	EndGlobalSection
	GlobalSection(ProjectConfigurationPlatforms) = postSolution
		{B470CA68-6339-4757-858B-21651322B7DF}.Debug|Any CPU.ActiveCfg = Debug|Any CPU
		{B470CA68-6339-4757-858B-21651322B7DF}.Debug|Any CPU.Build.0 = Debug|Any CPU
		{B470CA68-6339-4757-858B-21651322B7DF}.Release|Any CPU.ActiveCfg = Release|Any CPU
		{B470CA68-6339-4757-858B-21651322B7DF}.Release|Any CPU.Build.0 = Release|Any CPU
	EndGlobalSection
	GlobalSection(SolutionProperties) = preSolution
		HideSolutionNode = FALSE
	EndGlobalSection
	GlobalSection(ExtensibilityGlobals) = postSolution
		SolutionGuid = {72F73786-476A-444D-B5BE-D6E36C6A028F}
	EndGlobalSection
EndGlobal
